
Microsoft Visual Studio Solution File, Format Version 12.00
# Visual Studio Version 17
VisualStudioVersion = 17.5.33414.496
MinimumVisualStudioVersion = 10.0.40219.1
Project("{9A19103F-16F7-4668-BE54-9A1E7A4F7556}") = "Zadanie01", "Zadanie01\Zadanie01.csproj", "{D92984A7-5530-4987-B4A3-B21E3EDCCE99}"
EndProject
Project("{9A19103F-16F7-4668-BE54-9A1E7A4F7556}") = "Zadanie02", "Zadanie02\Zadanie02.csproj", "{AA0CB1CE-FF30-4664-A5AA-A6A40B3CA8FD}"
EndProject
Project("{FAE04EC0-301F-11D3-BF4B-00C04F79EFBC}") = "Zadanie03", "Zadanie03\Zadanie03.csproj", "{B2D145E3-B828-49A4-98FF-9B2F8A156526}"
EndProject
Project("{9A19103F-16F7-4668-BE54-9A1E7A4F7556}") = "Zadanie04", "Zadanie04\Zadanie04.csproj", "{B71638C4-431A-4F25-8544-2969AA574BE9}"
EndProject
Project("{9A19103F-16F7-4668-BE54-9A1E7A4F7556}") = "Zadanie05", "Zadanie05\Zadanie05.csproj", "{A180B0F5-7E35-4A5C-831F-5804B3EFE859}"
EndProject
Project("{9A19103F-16F7-4668-BE54-9A1E7A4F7556}") = "Zadanie06", "Zadanie06\Zadanie06.csproj", "{F6680257-B57B-46E8-84B8-B7DCF21C50F3}"
EndProject
Project("{FAE04EC0-301F-11D3-BF4B-00C04F79EFBC}") = "Zadanie07", "Zadanie07\Zadanie07.csproj", "{CBA35986-F9E2-4910-B61C-3D07A9301465}"
EndProject
Project("{FAE04EC0-301F-11D3-BF4B-00C04F79EFBC}") = "Zadanie08", "Zadanie08\Zadanie08.csproj", "{03A093FD-89F8-4743-9E1B-46325677BBBF}"
EndProject
Project("{FAE04EC0-301F-11D3-BF4B-00C04F79EFBC}") = "Zadanie09", "Zadanie09\Zadanie09.csproj", "{D032E9FC-9F10-4074-A79F-F370EFA2B5F6}"
EndProject
Global
	GlobalSection(SolutionConfigurationPlatforms) = preSolution
		Debug|Any CPU = Debug|Any CPU
		Release|Any CPU = Release|Any CPU
	EndGlobalSection
	GlobalSection(ProjectConfigurationPlatforms) = postSolution
		{D92984A7-5530-4987-B4A3-B21E3EDCCE99}.Debug|Any CPU.ActiveCfg = Debug|Any CPU
		{D92984A7-5530-4987-B4A3-B21E3EDCCE99}.Debug|Any CPU.Build.0 = Debug|Any CPU
		{D92984A7-5530-4987-B4A3-B21E3EDCCE99}.Release|Any CPU.ActiveCfg = Release|Any CPU
		{D92984A7-5530-4987-B4A3-B21E3EDCCE99}.Release|Any CPU.Build.0 = Release|Any CPU
		{AA0CB1CE-FF30-4664-A5AA-A6A40B3CA8FD}.Debug|Any CPU.ActiveCfg = Debug|Any CPU
		{AA0CB1CE-FF30-4664-A5AA-A6A40B3CA8FD}.Debug|Any CPU.Build.0 = Debug|Any CPU
		{AA0CB1CE-FF30-4664-A5AA-A6A40B3CA8FD}.Release|Any CPU.ActiveCfg = Release|Any CPU
		{AA0CB1CE-FF30-4664-A5AA-A6A40B3CA8FD}.Release|Any CPU.Build.0 = Release|Any CPU
		{B2D145E3-B828-49A4-98FF-9B2F8A156526}.Debug|Any CPU.ActiveCfg = Debug|Any CPU
		{B2D145E3-B828-49A4-98FF-9B2F8A156526}.Debug|Any CPU.Build.0 = Debug|Any CPU
		{B2D145E3-B828-49A4-98FF-9B2F8A156526}.Release|Any CPU.ActiveCfg = Release|Any CPU
		{B2D145E3-B828-49A4-98FF-9B2F8A156526}.Release|Any CPU.Build.0 = Release|Any CPU
		{B71638C4-431A-4F25-8544-2969AA574BE9}.Debug|Any CPU.ActiveCfg = Debug|Any CPU
		{B71638C4-431A-4F25-8544-2969AA574BE9}.Debug|Any CPU.Build.0 = Debug|Any CPU
		{B71638C4-431A-4F25-8544-2969AA574BE9}.Release|Any CPU.ActiveCfg = Release|Any CPU
		{B71638C4-431A-4F25-8544-2969AA574BE9}.Release|Any CPU.Build.0 = Release|Any CPU
		{A180B0F5-7E35-4A5C-831F-5804B3EFE859}.Debug|Any CPU.ActiveCfg = Debug|Any CPU
		{A180B0F5-7E35-4A5C-831F-5804B3EFE859}.Debug|Any CPU.Build.0 = Debug|Any CPU
		{A180B0F5-7E35-4A5C-831F-5804B3EFE859}.Release|Any CPU.ActiveCfg = Release|Any CPU
		{A180B0F5-7E35-4A5C-831F-5804B3EFE859}.Release|Any CPU.Build.0 = Release|Any CPU
		{F6680257-B57B-46E8-84B8-B7DCF21C50F3}.Debug|Any CPU.ActiveCfg = Debug|Any CPU
		{F6680257-B57B-46E8-84B8-B7DCF21C50F3}.Debug|Any CPU.Build.0 = Debug|Any CPU
		{F6680257-B57B-46E8-84B8-B7DCF21C50F3}.Release|Any CPU.ActiveCfg = Release|Any CPU
		{F6680257-B57B-46E8-84B8-B7DCF21C50F3}.Release|Any CPU.Build.0 = Release|Any CPU
		{CBA35986-F9E2-4910-B61C-3D07A9301465}.Debug|Any CPU.ActiveCfg = Debug|Any CPU
		{CBA35986-F9E2-4910-B61C-3D07A9301465}.Debug|Any CPU.Build.0 = Debug|Any CPU
		{CBA35986-F9E2-4910-B61C-3D07A9301465}.Release|Any CPU.ActiveCfg = Release|Any CPU
		{CBA35986-F9E2-4910-B61C-3D07A9301465}.Release|Any CPU.Build.0 = Release|Any CPU
		{03A093FD-89F8-4743-9E1B-46325677BBBF}.Debug|Any CPU.ActiveCfg = Debug|Any CPU
		{03A093FD-89F8-4743-9E1B-46325677BBBF}.Debug|Any CPU.Build.0 = Debug|Any CPU
		{03A093FD-89F8-4743-9E1B-46325677BBBF}.Release|Any CPU.ActiveCfg = Release|Any CPU
		{03A093FD-89F8-4743-9E1B-46325677BBBF}.Release|Any CPU.Build.0 = Release|Any CPU
		{D032E9FC-9F10-4074-A79F-F370EFA2B5F6}.Debug|Any CPU.ActiveCfg = Debug|Any CPU
		{D032E9FC-9F10-4074-A79F-F370EFA2B5F6}.Debug|Any CPU.Build.0 = Debug|Any CPU
		{D032E9FC-9F10-4074-A79F-F370EFA2B5F6}.Release|Any CPU.ActiveCfg = Release|Any CPU
		{D032E9FC-9F10-4074-A79F-F370EFA2B5F6}.Release|Any CPU.Build.0 = Release|Any CPU
	EndGlobalSection
	GlobalSection(SolutionProperties) = preSolution
		HideSolutionNode = FALSE
	EndGlobalSection
	GlobalSection(ExtensibilityGlobals) = postSolution
		SolutionGuid = {98EB0DE6-2440-4082-811F-73B0E2C6E93D}
	EndGlobalSection
EndGlobal
